
Microsoft Visual Studio Solution File, Format Version 11.00
# Visual Studio 2010
Project("{FAE04EC0-301F-11D3-BF4B-00C04F79EFBC}") = "ImageCropDemo", "ImageCropDemo\ImageCropDemo.csproj", "{266F587C-B439-4D73-8C9F-E0C2CF29306A}"
EndProject
Global
	GlobalSection(SolutionConfigurationPlatforms) = preSolution
		Debug|Any CPU = Debug|Any CPU
		Release|Any CPU = Release|Any CPU
	EndGlobalSection
	GlobalSection(ProjectConfigurationPlatforms) = postSolution
		{266F587C-B439-4D73-8C9F-E0C2CF29306A}.Debug|Any CPU.ActiveCfg = Debug|Any CPU
		{266F587C-B439-4D73-8C9F-E0C2CF29306A}.Debug|Any CPU.Build.0 = Debug|Any CPU
		{266F587C-B439-4D73-8C9F-E0C2CF29306A}.Release|Any CPU.ActiveCfg = Release|Any CPU
		{266F587C-B439-4D73-8C9F-E0C2CF29306A}.Release|Any CPU.Build.0 = Release|Any CPU
	EndGlobalSection
	GlobalSection(SolutionProperties) = preSolution
		HideSolutionNode = FALSE
	EndGlobalSection
EndGlobal
